
Microsoft Visual Studio Solution File, Format Version 12.00
# Visual Studio Version 16
VisualStudioVersion = 16.0.30804.86
MinimumVisualStudioVersion = 10.0.40219.1
Project("{9A19103F-16F7-4668-BE54-9A1E7A4F7556}") = "LaserCatEyes.EndpointListener", "LaserCatEyes.EndpointListener\LaserCatEyes.EndpointListener.csproj", "{6953B012-1F16-4C86-AB74-23C4F5FC3ED1}"
EndProject
Project("{9A19103F-16F7-4668-BE54-9A1E7A4F7556}") = "LaserCatEyes.DataServiceSdk", "LaserCatEyes.DataServiceSdk\LaserCatEyes.DataServiceSdk.csproj", "{F9A2B11A-1DA8-4C22-9F79-5E3D90ED6333}"
EndProject
Project("{9A19103F-16F7-4668-BE54-9A1E7A4F7556}") = "LaserCatEyes.DataServiceSdk.DotNetStandard", "LaserCatEyes.DataServiceSdk.DotNetStandard\LaserCatEyes.DataServiceSdk.DotNetStandard.csproj", "{8855FA72-F61F-456B-AE58-7624651EF5DC}"
EndProject
Project("{9A19103F-16F7-4668-BE54-9A1E7A4F7556}") = "LaserCatEyes.Domain", "LaserCatEyes.Domain\LaserCatEyes.Domain.csproj", "{97F1C3A7-028E-4A5A-8F4C-6357FF55444D}"
EndProject
Project("{2150E333-8FDC-42A3-9474-1A3956D46DE8}") = "DotNetStandard", "DotNetStandard", "{35E9EDC4-69A4-4BC8-976A-7A3C817BAB41}"
EndProject
Project("{2150E333-8FDC-42A3-9474-1A3956D46DE8}") = "DotNetCore", "DotNetCore", "{ACE7AFE5-4429-49C6-A091-38BBE9C74411}"
EndProject
Project("{9A19103F-16F7-4668-BE54-9A1E7A4F7556}") = "LaserCatEyes.HttpClientListener", "LaserCatEyes.HttpClientListener\LaserCatEyes.HttpClientListener.csproj", "{5977C50D-83B2-4654-9EAF-385B0AC18E32}"
EndProject
Project("{FAE04EC0-301F-11D3-BF4B-00C04F79EFBC}") = "LaserCatEyes.HttpClientListener.DotNetStandard", "LaserCatEyes.HttpClientListener.DotNetStandard\LaserCatEyes.HttpClientListener.DotNetStandard.csproj", "{90B7CFC5-A04D-48D2-BA0D-46533540BF6F}"
EndProject
Global
	GlobalSection(SolutionConfigurationPlatforms) = preSolution
		Debug|Any CPU = Debug|Any CPU
		Release|Any CPU = Release|Any CPU
	EndGlobalSection
	GlobalSection(ProjectConfigurationPlatforms) = postSolution
		{6953B012-1F16-4C86-AB74-23C4F5FC3ED1}.Debug|Any CPU.ActiveCfg = Debug|Any CPU
		{6953B012-1F16-4C86-AB74-23C4F5FC3ED1}.Debug|Any CPU.Build.0 = Debug|Any CPU
		{6953B012-1F16-4C86-AB74-23C4F5FC3ED1}.Release|Any CPU.ActiveCfg = Release|Any CPU
		{6953B012-1F16-4C86-AB74-23C4F5FC3ED1}.Release|Any CPU.Build.0 = Release|Any CPU
		{F9A2B11A-1DA8-4C22-9F79-5E3D90ED6333}.Debug|Any CPU.ActiveCfg = Debug|Any CPU
		{F9A2B11A-1DA8-4C22-9F79-5E3D90ED6333}.Debug|Any CPU.Build.0 = Debug|Any CPU
		{F9A2B11A-1DA8-4C22-9F79-5E3D90ED6333}.Release|Any CPU.ActiveCfg = Release|Any CPU
		{F9A2B11A-1DA8-4C22-9F79-5E3D90ED6333}.Release|Any CPU.Build.0 = Release|Any CPU
		{8855FA72-F61F-456B-AE58-7624651EF5DC}.Debug|Any CPU.ActiveCfg = Debug|Any CPU
		{8855FA72-F61F-456B-AE58-7624651EF5DC}.Debug|Any CPU.Build.0 = Debug|Any CPU
		{8855FA72-F61F-456B-AE58-7624651EF5DC}.Release|Any CPU.ActiveCfg = Release|Any CPU
		{8855FA72-F61F-456B-AE58-7624651EF5DC}.Release|Any CPU.Build.0 = Release|Any CPU
		{97F1C3A7-028E-4A5A-8F4C-6357FF55444D}.Debug|Any CPU.ActiveCfg = Debug|Any CPU
		{97F1C3A7-028E-4A5A-8F4C-6357FF55444D}.Debug|Any CPU.Build.0 = Debug|Any CPU
		{97F1C3A7-028E-4A5A-8F4C-6357FF55444D}.Release|Any CPU.ActiveCfg = Release|Any CPU
		{97F1C3A7-028E-4A5A-8F4C-6357FF55444D}.Release|Any CPU.Build.0 = Release|Any CPU
		{5977C50D-83B2-4654-9EAF-385B0AC18E32}.Debug|Any CPU.ActiveCfg = Debug|Any CPU
		{5977C50D-83B2-4654-9EAF-385B0AC18E32}.Debug|Any CPU.Build.0 = Debug|Any CPU
		{5977C50D-83B2-4654-9EAF-385B0AC18E32}.Release|Any CPU.ActiveCfg = Release|Any CPU
		{5977C50D-83B2-4654-9EAF-385B0AC18E32}.Release|Any CPU.Build.0 = Release|Any CPU
		{90B7CFC5-A04D-48D2-BA0D-46533540BF6F}.Debug|Any CPU.ActiveCfg = Debug|Any CPU
		{90B7CFC5-A04D-48D2-BA0D-46533540BF6F}.Debug|Any CPU.Build.0 = Debug|Any CPU
		{90B7CFC5-A04D-48D2-BA0D-46533540BF6F}.Release|Any CPU.ActiveCfg = Release|Any CPU
		{90B7CFC5-A04D-48D2-BA0D-46533540BF6F}.Release|Any CPU.Build.0 = Release|Any CPU
	EndGlobalSection
	GlobalSection(SolutionProperties) = preSolution
		HideSolutionNode = FALSE
	EndGlobalSection
	GlobalSection(NestedProjects) = preSolution
		{6953B012-1F16-4C86-AB74-23C4F5FC3ED1} = {ACE7AFE5-4429-49C6-A091-38BBE9C74411}
		{F9A2B11A-1DA8-4C22-9F79-5E3D90ED6333} = {ACE7AFE5-4429-49C6-A091-38BBE9C74411}
		{8855FA72-F61F-456B-AE58-7624651EF5DC} = {35E9EDC4-69A4-4BC8-976A-7A3C817BAB41}
		{5977C50D-83B2-4654-9EAF-385B0AC18E32} = {ACE7AFE5-4429-49C6-A091-38BBE9C74411}
		{90B7CFC5-A04D-48D2-BA0D-46533540BF6F} = {35E9EDC4-69A4-4BC8-976A-7A3C817BAB41}
	EndGlobalSection
	GlobalSection(ExtensibilityGlobals) = postSolution
		SolutionGuid = {A80951DD-7E4D-4D23-BB6F-89B70EA6172C}
	EndGlobalSection
EndGlobal
