
Microsoft Visual Studio Solution File, Format Version 12.00
# Visual Studio Version 17
VisualStudioVersion = 17.2.32526.322
MinimumVisualStudioVersion = 10.0.40219.1
Project("{9A19103F-16F7-4668-BE54-9A1E7A4F7556}") = "LaserCatEyes.EndpointListener", "LaserCatEyes.EndpointListener\LaserCatEyes.EndpointListener.csproj", "{6953B012-1F16-4C86-AB74-23C4F5FC3ED1}"
EndProject
Project("{9A19103F-16F7-4668-BE54-9A1E7A4F7556}") = "LaserCatEyes.DataServiceSdk", "LaserCatEyes.DataServiceSdk\LaserCatEyes.DataServiceSdk.csproj", "{F9A2B11A-1DA8-4C22-9F79-5E3D90ED6333}"
EndProject
Project("{9A19103F-16F7-4668-BE54-9A1E7A4F7556}") = "LaserCatEyes.Domain", "LaserCatEyes.Domain\LaserCatEyes.Domain.csproj", "{97F1C3A7-028E-4A5A-8F4C-6357FF55444D}"
EndProject
Project("{2150E333-8FDC-42A3-9474-1A3956D46DE8}") = "Presentation", "Presentation", "{ACE7AFE5-4429-49C6-A091-38BBE9C74411}"
EndProject
Project("{9A19103F-16F7-4668-BE54-9A1E7A4F7556}") = "LaserCatEyes.HttpClientListener", "LaserCatEyes.HttpClientListener\LaserCatEyes.HttpClientListener.csproj", "{5977C50D-83B2-4654-9EAF-385B0AC18E32}"
EndProject
Project("{2150E333-8FDC-42A3-9474-1A3956D46DE8}") = "Source", "Source", "{E2B713C8-7C45-4632-8DB0-DC133E5CB6F0}"
EndProject
Project("{2150E333-8FDC-42A3-9474-1A3956D46DE8}") = "Documentation", "Documentation", "{55D7CEB2-7296-41D6-BA9D-2BA597B2AD03}"
	ProjectSection(SolutionItems) = preProject
		.github\workflows\dotnet.yml = .github\workflows\dotnet.yml
		README.md = README.md
	EndProjectSection
EndProject
Project("{2150E333-8FDC-42A3-9474-1A3956D46DE8}") = "UnitTests", "UnitTests", "{2AB160A4-6D9A-43DE-B2D5-E4096B0443D2}"
EndProject
Project("{2150E333-8FDC-42A3-9474-1A3956D46DE8}") = "DotNetCore", "DotNetCore", "{FCEE9B6D-C73A-41EB-9293-1B32E919E45A}"
EndProject
Project("{2150E333-8FDC-42A3-9474-1A3956D46DE8}") = "DotNetStandard", "DotNetStandard", "{68BACA33-4244-4F4E-B03B-55084CED5461}"
EndProject
Project("{2150E333-8FDC-42A3-9474-1A3956D46DE8}") = "Sample", "Sample", "{5E92817F-20C0-4D02-8698-D9F7FBA95FAC}"
EndProject
Project("{9A19103F-16F7-4668-BE54-9A1E7A4F7556}") = "SampleDotNetCoreClientApp", "Sample\SampleDotNetCoreClientApp\SampleDotNetCoreClientApp.csproj", "{7E774EBE-B681-430A-AC2A-2F28474E08F3}"
EndProject
Project("{9A19103F-16F7-4668-BE54-9A1E7A4F7556}") = "SampleNetServerApp", "Sample\SampleNetServerApp\SampleNetServerApp.csproj", "{6678D16F-3AA0-4F56-92AB-01D86F6E24D6}"
EndProject
Project("{9A19103F-16F7-4668-BE54-9A1E7A4F7556}") = "LaserCatEyes.WCFListener", "LaserCatEyes.WCFListener\LaserCatEyes.WCFListener.csproj", "{35DB7BC6-2F9D-41D3-9F09-1CB3F34D1735}"
EndProject
Project("{FAE04EC0-301F-11D3-BF4B-00C04F79EFBC}") = "LaserCatEyes.FunctionEndpointListener", "LaserCatEyes.FunctionEndpointListener\LaserCatEyes.FunctionEndpointListener.csproj", "{F300FE2D-621D-4654-9592-42E115BC2B8F}"
EndProject
Global
	GlobalSection(SolutionConfigurationPlatforms) = preSolution
		Debug|Any CPU = Debug|Any CPU
		Release|Any CPU = Release|Any CPU
	EndGlobalSection
	GlobalSection(ProjectConfigurationPlatforms) = postSolution
		{6953B012-1F16-4C86-AB74-23C4F5FC3ED1}.Debug|Any CPU.ActiveCfg = Debug|Any CPU
		{6953B012-1F16-4C86-AB74-23C4F5FC3ED1}.Debug|Any CPU.Build.0 = Debug|Any CPU
		{6953B012-1F16-4C86-AB74-23C4F5FC3ED1}.Release|Any CPU.ActiveCfg = Release|Any CPU
		{6953B012-1F16-4C86-AB74-23C4F5FC3ED1}.Release|Any CPU.Build.0 = Release|Any CPU
		{F9A2B11A-1DA8-4C22-9F79-5E3D90ED6333}.Debug|Any CPU.ActiveCfg = Debug|Any CPU
		{F9A2B11A-1DA8-4C22-9F79-5E3D90ED6333}.Debug|Any CPU.Build.0 = Debug|Any CPU
		{F9A2B11A-1DA8-4C22-9F79-5E3D90ED6333}.Release|Any CPU.ActiveCfg = Release|Any CPU
		{F9A2B11A-1DA8-4C22-9F79-5E3D90ED6333}.Release|Any CPU.Build.0 = Release|Any CPU
		{97F1C3A7-028E-4A5A-8F4C-6357FF55444D}.Debug|Any CPU.ActiveCfg = Debug|Any CPU
		{97F1C3A7-028E-4A5A-8F4C-6357FF55444D}.Debug|Any CPU.Build.0 = Debug|Any CPU
		{97F1C3A7-028E-4A5A-8F4C-6357FF55444D}.Release|Any CPU.ActiveCfg = Release|Any CPU
		{97F1C3A7-028E-4A5A-8F4C-6357FF55444D}.Release|Any CPU.Build.0 = Release|Any CPU
		{5977C50D-83B2-4654-9EAF-385B0AC18E32}.Debug|Any CPU.ActiveCfg = Debug|Any CPU
		{5977C50D-83B2-4654-9EAF-385B0AC18E32}.Debug|Any CPU.Build.0 = Debug|Any CPU
		{5977C50D-83B2-4654-9EAF-385B0AC18E32}.Release|Any CPU.ActiveCfg = Release|Any CPU
		{5977C50D-83B2-4654-9EAF-385B0AC18E32}.Release|Any CPU.Build.0 = Release|Any CPU
		{7E774EBE-B681-430A-AC2A-2F28474E08F3}.Debug|Any CPU.ActiveCfg = Debug|Any CPU
		{7E774EBE-B681-430A-AC2A-2F28474E08F3}.Debug|Any CPU.Build.0 = Debug|Any CPU
		{7E774EBE-B681-430A-AC2A-2F28474E08F3}.Release|Any CPU.ActiveCfg = Release|Any CPU
		{7E774EBE-B681-430A-AC2A-2F28474E08F3}.Release|Any CPU.Build.0 = Release|Any CPU
		{6678D16F-3AA0-4F56-92AB-01D86F6E24D6}.Debug|Any CPU.ActiveCfg = Debug|Any CPU
		{6678D16F-3AA0-4F56-92AB-01D86F6E24D6}.Debug|Any CPU.Build.0 = Debug|Any CPU
		{6678D16F-3AA0-4F56-92AB-01D86F6E24D6}.Release|Any CPU.ActiveCfg = Release|Any CPU
		{6678D16F-3AA0-4F56-92AB-01D86F6E24D6}.Release|Any CPU.Build.0 = Release|Any CPU
		{35DB7BC6-2F9D-41D3-9F09-1CB3F34D1735}.Debug|Any CPU.ActiveCfg = Debug|Any CPU
		{35DB7BC6-2F9D-41D3-9F09-1CB3F34D1735}.Debug|Any CPU.Build.0 = Debug|Any CPU
		{35DB7BC6-2F9D-41D3-9F09-1CB3F34D1735}.Release|Any CPU.ActiveCfg = Release|Any CPU
		{35DB7BC6-2F9D-41D3-9F09-1CB3F34D1735}.Release|Any CPU.Build.0 = Release|Any CPU
		{F300FE2D-621D-4654-9592-42E115BC2B8F}.Debug|Any CPU.ActiveCfg = Debug|Any CPU
		{F300FE2D-621D-4654-9592-42E115BC2B8F}.Debug|Any CPU.Build.0 = Debug|Any CPU
		{F300FE2D-621D-4654-9592-42E115BC2B8F}.Release|Any CPU.ActiveCfg = Release|Any CPU
		{F300FE2D-621D-4654-9592-42E115BC2B8F}.Release|Any CPU.Build.0 = Release|Any CPU
	EndGlobalSection
	GlobalSection(SolutionProperties) = preSolution
		HideSolutionNode = FALSE
	EndGlobalSection
	GlobalSection(NestedProjects) = preSolution
		{6953B012-1F16-4C86-AB74-23C4F5FC3ED1} = {ACE7AFE5-4429-49C6-A091-38BBE9C74411}
		{F9A2B11A-1DA8-4C22-9F79-5E3D90ED6333} = {ACE7AFE5-4429-49C6-A091-38BBE9C74411}
		{97F1C3A7-028E-4A5A-8F4C-6357FF55444D} = {E2B713C8-7C45-4632-8DB0-DC133E5CB6F0}
		{ACE7AFE5-4429-49C6-A091-38BBE9C74411} = {E2B713C8-7C45-4632-8DB0-DC133E5CB6F0}
		{5977C50D-83B2-4654-9EAF-385B0AC18E32} = {ACE7AFE5-4429-49C6-A091-38BBE9C74411}
		{FCEE9B6D-C73A-41EB-9293-1B32E919E45A} = {2AB160A4-6D9A-43DE-B2D5-E4096B0443D2}
		{68BACA33-4244-4F4E-B03B-55084CED5461} = {2AB160A4-6D9A-43DE-B2D5-E4096B0443D2}
		{7E774EBE-B681-430A-AC2A-2F28474E08F3} = {5E92817F-20C0-4D02-8698-D9F7FBA95FAC}
		{6678D16F-3AA0-4F56-92AB-01D86F6E24D6} = {5E92817F-20C0-4D02-8698-D9F7FBA95FAC}
		{35DB7BC6-2F9D-41D3-9F09-1CB3F34D1735} = {ACE7AFE5-4429-49C6-A091-38BBE9C74411}
		{F300FE2D-621D-4654-9592-42E115BC2B8F} = {ACE7AFE5-4429-49C6-A091-38BBE9C74411}
	EndGlobalSection
	GlobalSection(ExtensibilityGlobals) = postSolution
		SolutionGuid = {A80951DD-7E4D-4D23-BB6F-89B70EA6172C}
	EndGlobalSection
EndGlobal
